
Microsoft Visual Studio Solution File, Format Version 12.00
# Visual Studio Version 17
VisualStudioVersion = 17.0.31903.59
MinimumVisualStudioVersion = 10.0.40219.1
Project("{FAE04EC0-301F-11D3-BF4B-00C04F79EFBC}") = "StoreApp.Web", "StoreApp.Web\StoreApp.Web.csproj", "{BB78EACB-0731-4BD2-9656-D1813B664314}"
EndProject
Project("{FAE04EC0-301F-11D3-BF4B-00C04F79EFBC}") = "StoreApp.Data", "StoreApp.Data\StoreApp.Data.csproj", "{97CF70E8-76A8-46FD-8A13-D8DDD59C65F0}"
EndProject
Global
	GlobalSection(SolutionConfigurationPlatforms) = preSolution
		Debug|Any CPU = Debug|Any CPU
		Release|Any CPU = Release|Any CPU
	EndGlobalSection
	GlobalSection(SolutionProperties) = preSolution
		HideSolutionNode = FALSE
	EndGlobalSection
	GlobalSection(ProjectConfigurationPlatforms) = postSolution
		{BB78EACB-0731-4BD2-9656-D1813B664314}.Debug|Any CPU.ActiveCfg = Debug|Any CPU
		{BB78EACB-0731-4BD2-9656-D1813B664314}.Debug|Any CPU.Build.0 = Debug|Any CPU
		{BB78EACB-0731-4BD2-9656-D1813B664314}.Release|Any CPU.ActiveCfg = Release|Any CPU
		{BB78EACB-0731-4BD2-9656-D1813B664314}.Release|Any CPU.Build.0 = Release|Any CPU
		{97CF70E8-76A8-46FD-8A13-D8DDD59C65F0}.Debug|Any CPU.ActiveCfg = Debug|Any CPU
		{97CF70E8-76A8-46FD-8A13-D8DDD59C65F0}.Debug|Any CPU.Build.0 = Debug|Any CPU
		{97CF70E8-76A8-46FD-8A13-D8DDD59C65F0}.Release|Any CPU.ActiveCfg = Release|Any CPU
		{97CF70E8-76A8-46FD-8A13-D8DDD59C65F0}.Release|Any CPU.Build.0 = Release|Any CPU
	EndGlobalSection
EndGlobal
